{
  "lockfile-version": 1,
  "manifest": {
    "schema-version": "1.14.0",
    "install": {
      "go": {
        "pkg-path": "go",
        "version": "^1.26"
      },
      "jq": {
        "pkg-path": "jq"
      },
      "just": {
        "pkg-path": "just"
      },
      "pre-commit": {
        "pkg-path": "pre-commit"
      },
      "shellcheck": {
        "pkg-path": "shellcheck"
      },
      "terraform": {
        "pkg-path": "terraform",
        "version": "^1.14"
      },
      "tflint": {
        "pkg-path": "tflint"
      }
    },
    "vars": {
      "ARM_CLIENT_ID": "00000000-0000-0000-0000-000000000002",
      "ARM_CLIENT_SECRET": "azemu-mock-secret",
      "ARM_METADATA_HOSTNAME": "127.0.0.1:4567",
      "ARM_SUBSCRIPTION_ID": "00000000-0000-0000-0000-000000000000",
      "ARM_TENANT_ID": "00000000-0000-0000-0000-000000000001",
      "AZEMU_ARM_PORT": "4566",
      "AZEMU_CERT_PATH": ".azemu/cert-bundle.pem",
      "AZEMU_META_PORT": "4567",
      "TF_DIR": "test/terraform"
    },
    "hook": {
      "on-activate": "  # Ensure the persistent cert bundle directory exists. The bundle file\n  # itself is generated by azemu on first start; the directory is\n  # gitignored so each contributor's machine has its own.\n  mkdir -p .azemu\n\n  # Auto-install the project pre-commit hook into .git/hooks/pre-commit\n  # the first time a contributor activates the env. Idempotent — running\n  # again is a fast no-op.\n  if [ -f .pre-commit-config.yaml ] && [ ! -f .git/hooks/pre-commit ]; then\n    pre-commit install >/dev/null 2>&1 && \\\n      echo \"✔ pre-commit hook installed (.git/hooks/pre-commit)\" || \\\n      echo \"✘ pre-commit install failed; run manually with: pre-commit install\"\n  fi\n\n  # Convenience hint if azemu is already running and a cert bundle exists.\n  if pgrep -f 'bin/azemu' >/dev/null 2>&1 && [ -f .azemu/cert-bundle.pem ]; then\n    echo \"✔ azemu is running with persistent cert at .azemu/cert-bundle.pem\"\n  fi\n"
    },
    "profile": {
      "common": "  azemu-start() {\n    echo \"▶ Building azemu...\"\n    go build -o bin/azemu ./cmd/azemu || return 1\n\n    echo \"▶ Starting azemu (ARM :4566, Metadata :4567)...\"\n    ./bin/azemu > /tmp/azemu.log 2>&1 &\n    sleep 2\n\n    if ! pgrep -f 'bin/azemu' >/dev/null 2>&1; then\n      echo \"✘ azemu failed to start; check /tmp/azemu.log\"\n      return 1\n    fi\n\n    # If this is the first start the cert bundle was just created at\n    # AZEMU_CERT_PATH (default .azemu/cert-bundle.pem). Walk the\n    # contributor through the one-time trust step. Subsequent starts\n    # reuse the same cert and skip this entirely.\n    if [ -f .azemu/cert-bundle.pem ] && ! security find-certificate -c 'azemu localhost' \\\n        ~/Library/Keychains/login.keychain-db 2>/dev/null \\\n        | grep -q \"$(openssl x509 -in .azemu/cert-bundle.pem -noout -fingerprint -sha1 | cut -d= -f2)\"; then\n      echo\n      echo \"ℹ One-time setup: trust the persistent azemu TLS cert.\"\n      echo \"  Run this once (will prompt for keychain password):\"\n      echo\n      echo \"  security add-trusted-cert -r trustRoot -p ssl \\\\\"\n      echo \"    -k ~/Library/Keychains/login.keychain-db \\\\\"\n      echo \"    .azemu/cert-bundle.pem\"\n      echo\n    fi\n\n    curl -sfk https://127.0.0.1:4567/metadata/endpoints 2>/dev/null \\\n      | jq '[.name, .resourceManager] | join(\" | ARM=\")' \\\n      || echo \"✘ Metadata unreachable\"\n  }\n\n  azemu-stop() {\n    pkill -f 'bin/azemu' 2>/dev/null && echo \"✔ azemu stopped\" || echo \"azemu was not running\"\n  }\n\n  azemu-status() {\n    if pgrep -f 'bin/azemu' >/dev/null 2>&1; then\n      echo \"✔ azemu running\"\n      curl -sfk https://127.0.0.1:4567/metadata/endpoints 2>/dev/null \\\n        | jq '[.name, .resourceManager] | join(\" | ARM=\")' 2>/dev/null || true\n    else\n      echo \"✘ azemu not running  (run: azemu-start)\"\n      return 1\n    fi\n  }\n\n  tf-init()   { azemu-status && terraform -chdir=\"$TF_DIR\" init; }\n  tf-plan()   { azemu-status && terraform -chdir=\"$TF_DIR\" plan; }\n  tf-apply()  { azemu-status && terraform -chdir=\"$TF_DIR\" apply -auto-approve; }\n  tf-destroy(){ azemu-status && terraform -chdir=\"$TF_DIR\" destroy -auto-approve; }\n\n  azemu-smoke() {\n    azemu-status\n    echo \"▶ Metadata...\"\n    curl -sfk https://127.0.0.1:4567/metadata/endpoints | jq .name\n    echo \"▶ Subscriptions...\"\n    curl -sfk \"https://127.0.0.1:4566/subscriptions?api-version=2022-12-01\" \\\n      | jq '.value[0].subscriptionId'\n    echo \"▶ Resource group create...\"\n    curl -sfk -X PUT \\\n      \"https://127.0.0.1:4566/subscriptions/00000000-0000-0000-0000-000000000000/resourcegroups/smoke?api-version=2023-07-01\" \\\n      -H 'Content-Type: application/json' \\\n      -d '{\"location\":\"uksouth\"}' | jq .name\n    echo \"✔ smoke passed\"\n  }\n\n  # Short aliases\n  alias ti=tf-init\n  alias ta=tf-apply\n  alias td=tf-destroy\n  alias tp=tf-plan\n  alias ts=azemu-status\n"
    },
    "options": {
      "systems": [
        "aarch64-darwin",
        "x86_64-linux"
      ]
    }
  },
  "packages": [
    {
      "attr_path": "go",
      "broken": false,
      "derivation": "/nix/store/w6w7pzbrnk1j01afyzxjhiwirql5lq6m-go-1.26.7.drv",
      "description": "Go Programming language",
      "install_id": "go",
      "license": "BSD-3-Clause",
      "locked_url": "https://github.com/flox/nixpkgs?rev=83199d0d373dd3ac2b9a1996b1d0263f76ab7a4c",
      "name": "go-1.26.7",
      "pname": "go",
      "rev": "83199d0d373dd3ac2b9a1996b1d0263f76ab7a4c",
      "rev_count": 1063296,
      "rev_date": "2026-08-28T06:55:34Z",
      "scrape_date": "2026-08-30T04:57:00.129770Z",
      "stabilities": [
        "unstable"
      ],
      "unfree": false,
      "version": "1.26.7",
      "outputs_to_install": [
        "out"
      ],
      "outputs": {
        "out": "/nix/store/jdgrfinlrf89z3wdfa6ipr1chpny5v11-go-1.26.7"
      },
      "system": "aarch64-darwin",
      "group": "toplevel",
      "priority": 5
    },
    {
      "attr_path": "go",
      "broken": false,
      "derivation": "/nix/store/ra2z8ff739aawml2iirfz76g7gxv9i8g-go-1.26.7.drv",
      "description": "Go Programming language",
      "install_id": "go",
      "license": "BSD-3-Clause",
      "locked_url": "https://github.com/flox/nixpkgs?rev=83199d0d373dd3ac2b9a1996b1d0263f76ab7a4c",
      "name": "go-1.26.7",
      "pname": "go",
      "rev": "83199d0d373dd3ac2b9a1996b1d0263f76ab7a4c",
      "rev_count": 1063296,
      "rev_date": "2026-08-28T06:55:34Z",
      "scrape_date": "2026-08-30T06:07:15.341091Z",
      "stabilities": [
        "unstable"
      ],
      "unfree": false,
      "version": "1.26.7",
      "outputs_to_install": [
        "out"
      ],
      "outputs": {
        "out": "/nix/store/i77g9dmcd399rmxk8688qfr4g2wzgk37-go-1.26.7"
      },
      "system": "x86_64-linux",
      "group": "toplevel",
      "priority": 5
    },
    {
      "attr_path": "jq",
      "broken": false,
      "derivation": "/nix/store/9dvdpr6yfny92m7jn37q0xxa2lf1ih9q-jq-1.8.2.drv",
      "description": "Lightweight and flexible command-line JSON processor",
      "install_id": "jq",
      "license": "MIT",
      "locked_url": "https://github.com/flox/nixpkgs?rev=83199d0d373dd3ac2b9a1996b1d0263f76ab7a4c",
      "name": "jq-1.8.2",
      "pname": "jq",
      "rev": "83199d0d373dd3ac2b9a1996b1d0263f76ab7a4c",
      "rev_count": 1063296,
      "rev_date": "2026-08-28T06:55:34Z",
      "scrape_date": "2026-08-30T04:57:15.752413Z",
      "stabilities": [
        "unstable"
      ],
      "unfree": false,
      "version": "1.8.2",
      "outputs_to_install": [
        "bin",
        "man"
      ],
      "outputs": {
        "bin": "/nix/store/d01nk4ck93bwlzwbnnb1qf1kv4d94a09-jq-1.8.2-bin",
        "dev": "/nix/store/mf170p9ynrn0g7s5i8kw655i1q4dxl6y-jq-1.8.2-dev",
        "doc": "/nix/store/bhalwqvdympjhs6gj584d29bga0l8q3s-jq-1.8.2-doc",
        "man": "/nix/store/s1d0597z830wrhza2g5b6i9a4a0jis8a-jq-1.8.2-man",
        "out": "/nix/store/bpfcs06n720irpzril2mh6z59ddafhzx-jq-1.8.2"
      },
      "system": "aarch64-darwin",
      "group": "toplevel",
      "priority": 5
    },
    {
      "attr_path": "jq",
      "broken": false,
      "derivation": "/nix/store/d1h6nfwgqq43drkzzszmryjvcfrs1s5p-jq-1.8.2.drv",
      "description": "Lightweight and flexible command-line JSON processor",
      "install_id": "jq",
      "license": "MIT",
      "locked_url": "https://github.com/flox/nixpkgs?rev=83199d0d373dd3ac2b9a1996b1d0263f76ab7a4c",
      "name": "jq-1.8.2",
      "pname": "jq",
      "rev": "83199d0d373dd3ac2b9a1996b1d0263f76ab7a4c",
      "rev_count": 1063296,
      "rev_date": "2026-08-28T06:55:34Z",
      "scrape_date": "2026-08-30T06:07:36.179436Z",
      "stabilities": [
        "unstable"
      ],
      "unfree": false,
      "version": "1.8.2",
      "outputs_to_install": [
        "bin",
        "bin",
        "bin",
        "man"
      ],
      "outputs": {
        "bin": "/nix/store/xvd6920kffyyshg7mbw5wvfk6lg9wfkl-jq-1.8.2-bin",
        "dev": "/nix/store/qavm4f7d2wm4s9v1ck90n200y20x95fm-jq-1.8.2-dev",
        "doc": "/nix/store/2ga5gcahn4vr0b5fmlinxbz1w2m4qm5g-jq-1.8.2-doc",
        "man": "/nix/store/n36fiv9a8p19bcj6cyjfgmb0l9s55qfn-jq-1.8.2-man",
        "out": "/nix/store/d91mwgs15hv4ajza7jn6axyiwa07ga7m-jq-1.8.2"
      },
      "system": "x86_64-linux",
      "group": "toplevel",
      "priority": 5
    },
    {
      "attr_path": "just",
      "broken": false,
      "derivation": "/nix/store/qzj0g4aigq9d35bxgwbqvq1qwaz1fvkf-just-1.58.0.drv",
      "description": "Handy way to save and run project-specific commands",
      "install_id": "just",
      "license": "CC0-1.0",
      "locked_url": "https://github.com/flox/nixpkgs?rev=83199d0d373dd3ac2b9a1996b1d0263f76ab7a4c",
      "name": "just-1.58.0",
      "pname": "just",
      "rev": "83199d0d373dd3ac2b9a1996b1d0263f76ab7a4c",
      "rev_count": 1063296,
      "rev_date": "2026-08-28T06:55:34Z",
      "scrape_date": "2026-08-30T04:57:15.875570Z",
      "stabilities": [
        "unstable"
      ],
      "unfree": false,
      "version": "1.58.0",
      "outputs_to_install": [
        "man",
        "out"
      ],
      "outputs": {
        "doc": "/nix/store/vz523mpwxiavavi83l6fh1g8i83s5agd-just-1.58.0-doc",
        "man": "/nix/store/z01s84l6hcxqpww7fsy4kahfilrsxp9f-just-1.58.0-man",
        "out": "/nix/store/ank1rvxdg1r21v885zm7k8q2sqx285x5-just-1.58.0"
      },
      "system": "aarch64-darwin",
      "group": "toplevel",
      "priority": 5
    },
    {
      "attr_path": "just",
      "broken": false,
      "derivation": "/nix/store/qjkp3b0hlc7zzsy31145wwvrcfnyhkvg-just-1.58.0.drv",
      "description": "Handy way to save and run project-specific commands",
      "install_id": "just",
      "license": "CC0-1.0",
      "locked_url": "https://github.com/flox/nixpkgs?rev=83199d0d373dd3ac2b9a1996b1d0263f76ab7a4c",
      "name": "just-1.58.0",
      "pname": "just",
      "rev": "83199d0d373dd3ac2b9a1996b1d0263f76ab7a4c",
      "rev_count": 1063296,
      "rev_date": "2026-08-28T06:55:34Z",
      "scrape_date": "2026-08-30T06:07:36.341829Z",
      "stabilities": [
        "unstable"
      ],
      "unfree": false,
      "version": "1.58.0",
      "outputs_to_install": [
        "man",
        "out"
      ],
      "outputs": {
        "doc": "/nix/store/nfnqh8gnsy9lv1ppmc5vzpf4zvkxcwqc-just-1.58.0-doc",
        "man": "/nix/store/glg48g04x9bdibq3ylr69jz130lwdhbr-just-1.58.0-man",
        "out": "/nix/store/z4czsax3mdyxx77mwb0yjarnzb1rip00-just-1.58.0"
      },
      "system": "x86_64-linux",
      "group": "toplevel",
      "priority": 5
    },
    {
      "attr_path": "pre-commit",
      "broken": false,
      "derivation": "/nix/store/587c9lizcc218fn5qma8w9r9fcix6aqr-pre-commit-4.5.1.drv",
      "description": "Framework for managing and maintaining multi-language pre-commit hooks",
      "install_id": "pre-commit",
      "license": "MIT",
      "locked_url": "https://github.com/flox/nixpkgs?rev=83199d0d373dd3ac2b9a1996b1d0263f76ab7a4c",
      "name": "pre-commit-4.5.1",
      "pname": "pre-commit",
      "rev": "83199d0d373dd3ac2b9a1996b1d0263f76ab7a4c",
      "rev_count": 1063296,
      "rev_date": "2026-08-28T06:55:34Z",
      "scrape_date": "2026-08-30T04:57:39.284933Z",
      "stabilities": [
        "unstable"
      ],
      "unfree": false,
      "version": "4.5.1",
      "outputs_to_install": [
        "out"
      ],
      "outputs": {
        "dist": "/nix/store/5lk0zm075qic9mcjanlnlvvf67kzfjb5-pre-commit-4.5.1-dist",
        "out": "/nix/store/fg50lvs8kf5jcbfmn578h5z6wiay1p4m-pre-commit-4.5.1"
      },
      "system": "aarch64-darwin",
      "group": "toplevel",
      "priority": 5
    },
    {
      "attr_path": "pre-commit",
      "broken": false,
      "derivation": "/nix/store/122n9532q00xrxg8wgvgpm9b0a6v6lgd-pre-commit-4.5.1.drv",
      "description": "Framework for managing and maintaining multi-language pre-commit hooks",
      "install_id": "pre-commit",
      "license": "MIT",
      "locked_url": "https://github.com/flox/nixpkgs?rev=83199d0d373dd3ac2b9a1996b1d0263f76ab7a4c",
      "name": "pre-commit-4.5.1",
      "pname": "pre-commit",
      "rev": "83199d0d373dd3ac2b9a1996b1d0263f76ab7a4c",
      "rev_count": 1063296,
      "rev_date": "2026-08-28T06:55:34Z",
      "scrape_date": "2026-08-30T06:08:16.482248Z",
      "stabilities": [
        "unstable"
      ],
      "unfree": false,
      "version": "4.5.1",
      "outputs_to_install": [
        "out",
        "out"
      ],
      "outputs": {
        "dist": "/nix/store/z1bnarx0px935kmfp65izm92kdiml08g-pre-commit-4.5.1-dist",
        "out": "/nix/store/qmf95a0dq52f0nffcq6xavpl6zsmd91s-pre-commit-4.5.1"
      },
      "system": "x86_64-linux",
      "group": "toplevel",
      "priority": 5
    },
    {
      "attr_path": "shellcheck",
      "broken": false,
      "derivation": "/nix/store/1bnrzqn35mpffpddmini5y5s9bf1c5bc-shellcheck-0.11.0.drv",
      "description": "Shell script analysis tool",
      "install_id": "shellcheck",
      "license": "GPL-3.0-only",
      "locked_url": "https://github.com/flox/nixpkgs?rev=83199d0d373dd3ac2b9a1996b1d0263f76ab7a4c",
      "name": "shellcheck-0.11.0",
      "pname": "shellcheck",
      "rev": "83199d0d373dd3ac2b9a1996b1d0263f76ab7a4c",
      "rev_count": 1063296,
      "rev_date": "2026-08-28T06:55:34Z",
      "scrape_date": "2026-08-30T04:58:54.178363Z",
      "stabilities": [
        "unstable"
      ],
      "unfree": false,
      "version": "0.11.0",
      "outputs_to_install": [
        "bin",
        "doc",
        "man"
      ],
      "outputs": {
        "bin": "/nix/store/c8zchzhhq3v981n8zfqj7gf21dyiy65z-shellcheck-0.11.0-bin",
        "doc": "/nix/store/jh6dz9lmzmp4rys49kzmy922jiic75n1-shellcheck-0.11.0-doc",
        "man": "/nix/store/563byp5hdpc4bszgyysqydfbc4shyw0s-shellcheck-0.11.0-man",
        "out": "/nix/store/148akv1lk672gj1aw7gjf0pspysig5vc-shellcheck-0.11.0"
      },
      "system": "aarch64-darwin",
      "group": "toplevel",
      "priority": 5
    },
    {
      "attr_path": "shellcheck",
      "broken": false,
      "derivation": "/nix/store/l0jdfv2mv07y12knwrq6gvr0jgy1819l-shellcheck-0.11.0.drv",
      "description": "Shell script analysis tool",
      "install_id": "shellcheck",
      "license": "GPL-3.0-only",
      "locked_url": "https://github.com/flox/nixpkgs?rev=83199d0d373dd3ac2b9a1996b1d0263f76ab7a4c",
      "name": "shellcheck-0.11.0",
      "pname": "shellcheck",
      "rev": "83199d0d373dd3ac2b9a1996b1d0263f76ab7a4c",
      "rev_count": 1063296,
      "rev_date": "2026-08-28T06:55:34Z",
      "scrape_date": "2026-08-30T06:09:49.352143Z",
      "stabilities": [
        "unstable"
      ],
      "unfree": false,
      "version": "0.11.0",
      "outputs_to_install": [
        "bin",
        "bin",
        "doc",
        "man"
      ],
      "outputs": {
        "bin": "/nix/store/5bwp35yr32v0f6zx7x1w64y8bmxzzb8g-shellcheck-0.11.0-bin",
        "doc": "/nix/store/8glg7jn1763pqjj5473zpgnh5phmq326-shellcheck-0.11.0-doc",
        "man": "/nix/store/cb7sx1ydhh35hmp4af1q1b0ppxljnyv8-shellcheck-0.11.0-man",
        "out": "/nix/store/fjyd5kk7hgkppi70zmn5pi1w3arc93lw-shellcheck-0.11.0"
      },
      "system": "x86_64-linux",
      "group": "toplevel",
      "priority": 5
    },
    {
      "attr_path": "terraform",
      "broken": false,
      "derivation": "/nix/store/xajrqfhpjj71rh8l1jasyxa9krx7ky75-terraform-1.15.9.drv",
      "description": "Tool for building, changing, and versioning infrastructure",
      "install_id": "terraform",
      "license": "BUSL-1.1",
      "locked_url": "https://github.com/flox/nixpkgs?rev=83199d0d373dd3ac2b9a1996b1d0263f76ab7a4c",
      "name": "terraform-1.15.9",
      "pname": "terraform",
      "rev": "83199d0d373dd3ac2b9a1996b1d0263f76ab7a4c",
      "rev_count": 1063296,
      "rev_date": "2026-08-28T06:55:34Z",
      "scrape_date": "2026-08-30T04:58:58.395038Z",
      "stabilities": [
        "unstable"
      ],
      "unfree": true,
      "version": "1.15.9",
      "outputs_to_install": [
        "out"
      ],
      "outputs": {
        "out": "/nix/store/8nnld5bxyg8fjsyxygryl1sp06j1r96l-terraform-1.15.9"
      },
      "system": "aarch64-darwin",
      "group": "toplevel",
      "priority": 5
    },
    {
      "attr_path": "terraform",
      "broken": false,
      "derivation": "/nix/store/wd675wcybv7bckq745vkginqr2dd3cdj-terraform-1.15.9.drv",
      "description": "Tool for building, changing, and versioning infrastructure",
      "install_id": "terraform",
      "license": "BUSL-1.1",
      "locked_url": "https://github.com/flox/nixpkgs?rev=83199d0d373dd3ac2b9a1996b1d0263f76ab7a4c",
      "name": "terraform-1.15.9",
      "pname": "terraform",
      "rev": "83199d0d373dd3ac2b9a1996b1d0263f76ab7a4c",
      "rev_count": 1063296,
      "rev_date": "2026-08-28T06:55:34Z",
      "scrape_date": "2026-08-30T06:09:56.227297Z",
      "stabilities": [
        "unstable"
      ],
      "unfree": true,
      "version": "1.15.9",
      "outputs_to_install": [
        "out"
      ],
      "outputs": {
        "out": "/nix/store/0vz7kj1az3xkr5263ha45ani6vlma7mv-terraform-1.15.9"
      },
      "system": "x86_64-linux",
      "group": "toplevel",
      "priority": 5
    },
    {
      "attr_path": "tflint",
      "broken": false,
      "derivation": "/nix/store/j0906spnppksjw3cdsfrzchndwrpg0rk-tflint-0.64.0.drv",
      "description": "Terraform linter focused on possible errors, best practices, and so on",
      "install_id": "tflint",
      "license": "MPL-2.0",
      "locked_url": "https://github.com/flox/nixpkgs?rev=83199d0d373dd3ac2b9a1996b1d0263f76ab7a4c",
      "name": "tflint-0.64.0",
      "pname": "tflint",
      "rev": "83199d0d373dd3ac2b9a1996b1d0263f76ab7a4c",
      "rev_count": 1063296,
      "rev_date": "2026-08-28T06:55:34Z",
      "scrape_date": "2026-08-30T04:59:17.453241Z",
      "stabilities": [
        "unstable"
      ],
      "unfree": false,
      "version": "0.64.0",
      "outputs_to_install": [
        "out"
      ],
      "outputs": {
        "out": "/nix/store/0lwk1zb1nzcswphwh0fn32vly4fw7mc1-tflint-0.64.0"
      },
      "system": "aarch64-darwin",
      "group": "toplevel",
      "priority": 5
    },
    {
      "attr_path": "tflint",
      "broken": false,
      "derivation": "/nix/store/p00vcrp7i0zf2rh3vmcag8nh3d9gaz1z-tflint-0.64.0.drv",
      "description": "Terraform linter focused on possible errors, best practices, and so on",
      "install_id": "tflint",
      "license": "MPL-2.0",
      "locked_url": "https://github.com/flox/nixpkgs?rev=83199d0d373dd3ac2b9a1996b1d0263f76ab7a4c",
      "name": "tflint-0.64.0",
      "pname": "tflint",
      "rev": "83199d0d373dd3ac2b9a1996b1d0263f76ab7a4c",
      "rev_count": 1063296,
      "rev_date": "2026-08-28T06:55:34Z",
      "scrape_date": "2026-08-30T06:10:23.795850Z",
      "stabilities": [
        "unstable"
      ],
      "unfree": false,
      "version": "0.64.0",
      "outputs_to_install": [
        "out"
      ],
      "outputs": {
        "out": "/nix/store/1w9yj324746zhdywl8d22jl5nxg24gny-tflint-0.64.0"
      },
      "system": "x86_64-linux",
      "group": "toplevel",
      "priority": 5
    }
  ]
}
